
Microsoft Visual Studio Solution File, Format Version 12.00
# Visual Studio Version 17
VisualStudioVersion = 17.4.33403.182
MinimumVisualStudioVersion = 10.0.40219.1
Project("{9A19103F-16F7-4668-BE54-9A1E7A4F7556}") = "PersonalAPI", "PersonalAPI\PersonalAPI.csproj", "{3C925E9A-ECDC-44A9-A6C7-A99BC82056F3}"
EndProject
Global
	GlobalSection(SolutionConfigurationPlatforms) = preSolution
		Debug|Any CPU = Debug|Any CPU
		Release|Any CPU = Release|Any CPU
	EndGlobalSection
	GlobalSection(ProjectConfigurationPlatforms) = postSolution
		{3C925E9A-ECDC-44A9-A6C7-A99BC82056F3}.Debug|Any CPU.ActiveCfg = Debug|Any CPU
		{3C925E9A-ECDC-44A9-A6C7-A99BC82056F3}.Debug|Any CPU.Build.0 = Debug|Any CPU
		{3C925E9A-ECDC-44A9-A6C7-A99BC82056F3}.Release|Any CPU.ActiveCfg = Release|Any CPU
		{3C925E9A-ECDC-44A9-A6C7-A99BC82056F3}.Release|Any CPU.Build.0 = Release|Any CPU
	EndGlobalSection
	GlobalSection(SolutionProperties) = preSolution
		HideSolutionNode = FALSE
	EndGlobalSection
	GlobalSection(ExtensibilityGlobals) = postSolution
		SolutionGuid = {030B91B0-C6C5-4C56-8337-AFFC74D23875}
	EndGlobalSection
EndGlobal
